// !$*UTF8*$!
{
	archiveVersion = 1;
	classes = {
	};
	objectVersion = 56;
	objects = {

/* Begin PBXBuildFile section */
		8E6638A937AE17DB9EEC207E /* Pods_SwiftUIAppTests.framework in Frameworks */ = {isa = PBXBuildFile; fileRef = 6B672880296060D751286066 /* Pods_SwiftUIAppTests.framework */; };
		C2F1C73765CD53A2C8E0298B /* Pods_SwiftUIApp_SwiftUIAppUITests.framework in Frameworks */ = {isa = PBXBuildFile; fileRef = 529DE73C72073C821EE7480A /* Pods_SwiftUIApp_SwiftUIAppUITests.framework */; };
		D513F2902C1D2EF300EFAFE7 /* UserModel.swift in Sources */ = {isa = PBXBuildFile; fileRef = D513F28F2C1D2EF300EFAFE7 /* UserModel.swift */; };
		D513F2942C1D33BE00EFAFE7 /* LoginResponse.swift in Sources */ = {isa = PBXBuildFile; fileRef = D513F2932C1D33BE00EFAFE7 /* LoginResponse.swift */; };
		D513F2972C1D349B00EFAFE7 /* UserDatasource.swift in Sources */ = {isa = PBXBuildFile; fileRef = D513F2962C1D349B00EFAFE7 /* UserDatasource.swift */; };
		D520617B2C21772D00E490EA /* NetworkError.swift in Sources */ = {isa = PBXBuildFile; fileRef = D520617A2C21772D00E490EA /* NetworkError.swift */; };
		D523EE412C1C09B400C8E8BC /* LoginView.swift in Sources */ = {isa = PBXBuildFile; fileRef = D523EE402C1C09B400C8E8BC /* LoginView.swift */; };
		D523EE472C1C155F00C8E8BC /* LoginRequest.swift in Sources */ = {isa = PBXBuildFile; fileRef = D523EE462C1C155F00C8E8BC /* LoginRequest.swift */; };
		D563303D2C2F166700C47219 /* RoundedButton.swift in Sources */ = {isa = PBXBuildFile; fileRef = D563303C2C2F166700C47219 /* RoundedButton.swift */; };
		D5A4B3CB2C3017060095B9C0 /* RegisterRequest.swift in Sources */ = {isa = PBXBuildFile; fileRef = D5A4B3CA2C3017060095B9C0 /* RegisterRequest.swift */; };
		D5B5FDDF2C24405400B03134 /* RegisterView.swift in Sources */ = {isa = PBXBuildFile; fileRef = D5B5FDDE2C24405400B03134 /* RegisterView.swift */; };
		D5B5FDE22C2452AB00B03134 /* HomeView.swift in Sources */ = {isa = PBXBuildFile; fileRef = D5B5FDE12C2452AB00B03134 /* HomeView.swift */; };
		D5BA36982C3E34CA00305778 /* Endpoints.swift in Sources */ = {isa = PBXBuildFile; fileRef = D5BA36972C3E34CA00305778 /* Endpoints.swift */; };
		D5BA369F2C3E568A00305778 /* AuthViewModel.swift in Sources */ = {isa = PBXBuildFile; fileRef = D5BA369E2C3E568A00305778 /* AuthViewModel.swift */; };
		D5BA36A22C3E83AA00305778 /* AuthService.swift in Sources */ = {isa = PBXBuildFile; fileRef = D5BA36A12C3E83AA00305778 /* AuthService.swift */; };
		D5BA36AA2C3FBBF700305778 /* RootView.swift in Sources */ = {isa = PBXBuildFile; fileRef = D5BA36A92C3FBBF700305778 /* RootView.swift */; };
		D5BA36AC2C3FD4FD00305778 /* NetworkHelper.swift in Sources */ = {isa = PBXBuildFile; fileRef = D5BA36AB2C3FD4FD00305778 /* NetworkHelper.swift */; };
		D5BA36AE2C3FF65000305778 /* UserResponse.swift in Sources */ = {isa = PBXBuildFile; fileRef = D5BA36AD2C3FF65000305778 /* UserResponse.swift */; };
		D5BA36B02C3FF67100305778 /* Role.swift in Sources */ = {isa = PBXBuildFile; fileRef = D5BA36AF2C3FF67100305778 /* Role.swift */; };
		D5BA36B32C40474F00305778 /* SettingViewModel.swift in Sources */ = {isa = PBXBuildFile; fileRef = D5BA36B22C40474F00305778 /* SettingViewModel.swift */; };
		D5E57F682C3C538400F2B44B /* DropDownButton.swift in Sources */ = {isa = PBXBuildFile; fileRef = D5E57F672C3C538400F2B44B /* DropDownButton.swift */; };
		D5E644AE2C3329F300A19008 /* SettingView.swift in Sources */ = {isa = PBXBuildFile; fileRef = D5E644AD2C3329F300A19008 /* SettingView.swift */; };
		D5FBA8472C09C77200DB4DF8 /* SwiftApp.swift in Sources */ = {isa = PBXBuildFile; fileRef = D5FBA8462C09C77200DB4DF8 /* SwiftApp.swift */; };
		D5FBA84B2C09C77400DB4DF8 /* Assets.xcassets in Resources */ = {isa = PBXBuildFile; fileRef = D5FBA84A2C09C77400DB4DF8 /* Assets.xcassets */; };
		D5FBA84E2C09C77400DB4DF8 /* Preview Assets.xcassets in Resources */ = {isa = PBXBuildFile; fileRef = D5FBA84D2C09C77400DB4DF8 /* Preview Assets.xcassets */; };
		D5FBA8582C09C77400DB4DF8 /* SwiftUIAppTests.swift in Sources */ = {isa = PBXBuildFile; fileRef = D5FBA8572C09C77400DB4DF8 /* SwiftUIAppTests.swift */; };
		D5FBA8622C09C77400DB4DF8 /* SwiftUIAppUITests.swift in Sources */ = {isa = PBXBuildFile; fileRef = D5FBA8612C09C77400DB4DF8 /* SwiftUIAppUITests.swift */; };
		D5FBA8642C09C77400DB4DF8 /* SwiftUIAppUITestsLaunchTests.swift in Sources */ = {isa = PBXBuildFile; fileRef = D5FBA8632C09C77400DB4DF8 /* SwiftUIAppUITestsLaunchTests.swift */; };
		FF0927085FB53134454B1451 /* Pods_SwiftUIApp.framework in Frameworks */ = {isa = PBXBuildFile; fileRef = FB51BDFDF00D35741011440C /* Pods_SwiftUIApp.framework */; };
/* End PBXBuildFile section */

/* Begin PBXContainerItemProxy section */
		D5FBA8542C09C77400DB4DF8 /* PBXContainerItemProxy */ = {
			isa = PBXContainerItemProxy;
			containerPortal = D5FBA83B2C09C77200DB4DF8 /* Project object */;
			proxyType = 1;
			remoteGlobalIDString = D5FBA8422C09C77200DB4DF8;
			remoteInfo = WeatherApp;
		};
		D5FBA85E2C09C77400DB4DF8 /* PBXContainerItemProxy */ = {
			isa = PBXContainerItemProxy;
			containerPortal = D5FBA83B2C09C77200DB4DF8 /* Project object */;
			proxyType = 1;
			remoteGlobalIDString = D5FBA8422C09C77200DB4DF8;
			remoteInfo = WeatherApp;
		};
/* End PBXContainerItemProxy section */

/* Begin PBXFileReference section */
		28A472A2C55ED44F13DFC344 /* Pods-SwiftUIApp-SwiftUIAppUITests.debug.xcconfig */ = {isa = PBXFileReference; includeInIndex = 1; lastKnownFileType = text.xcconfig; name = "Pods-SwiftUIApp-SwiftUIAppUITests.debug.xcconfig"; path = "Target Support Files/Pods-SwiftUIApp-SwiftUIAppUITests/Pods-SwiftUIApp-SwiftUIAppUITests.debug.xcconfig"; sourceTree = "<group>"; };
		529DE73C72073C821EE7480A /* Pods_SwiftUIApp_SwiftUIAppUITests.framework */ = {isa = PBXFileReference; explicitFileType = wrapper.framework; includeInIndex = 0; path = Pods_SwiftUIApp_SwiftUIAppUITests.framework; sourceTree = BUILT_PRODUCTS_DIR; };
		54A0377869AF02C1C039CFAF /* Pods-SwiftUIAppTests.debug.xcconfig */ = {isa = PBXFileReference; includeInIndex = 1; lastKnownFileType = text.xcconfig; name = "Pods-SwiftUIAppTests.debug.xcconfig"; path = "Target Support Files/Pods-SwiftUIAppTests/Pods-SwiftUIAppTests.debug.xcconfig"; sourceTree = "<group>"; };
		5B84690A93062C498976F253 /* Pods-SwiftUIApp-SwiftUIAppUITests.release.xcconfig */ = {isa = PBXFileReference; includeInIndex = 1; lastKnownFileType = text.xcconfig; name = "Pods-SwiftUIApp-SwiftUIAppUITests.release.xcconfig"; path = "Target Support Files/Pods-SwiftUIApp-SwiftUIAppUITests/Pods-SwiftUIApp-SwiftUIAppUITests.release.xcconfig"; sourceTree = "<group>"; };
		6B672880296060D751286066 /* Pods_SwiftUIAppTests.framework */ = {isa = PBXFileReference; explicitFileType = wrapper.framework; includeInIndex = 0; path = Pods_SwiftUIAppTests.framework; sourceTree = BUILT_PRODUCTS_DIR; };
		970BB5FF48040C8563835E4D /* Pods-SwiftUIApp.release.xcconfig */ = {isa = PBXFileReference; includeInIndex = 1; lastKnownFileType = text.xcconfig; name = "Pods-SwiftUIApp.release.xcconfig"; path = "Target Support Files/Pods-SwiftUIApp/Pods-SwiftUIApp.release.xcconfig"; sourceTree = "<group>"; };
		C16FEE96791C36C233B66636 /* Pods-SwiftUIApp.debug.xcconfig */ = {isa = PBXFileReference; includeInIndex = 1; lastKnownFileType = text.xcconfig; name = "Pods-SwiftUIApp.debug.xcconfig"; path = "Target Support Files/Pods-SwiftUIApp/Pods-SwiftUIApp.debug.xcconfig"; sourceTree = "<group>"; };
		D513F28F2C1D2EF300EFAFE7 /* UserModel.swift */ = {isa = PBXFileReference; lastKnownFileType = sourcecode.swift; path = UserModel.swift; sourceTree = "<group>"; };
		D513F2932C1D33BE00EFAFE7 /* LoginResponse.swift */ = {isa = PBXFileReference; lastKnownFileType = sourcecode.swift; path = LoginResponse.swift; sourceTree = "<group>"; };
		D513F2962C1D349B00EFAFE7 /* UserDatasource.swift */ = {isa = PBXFileReference; lastKnownFileType = sourcecode.swift; path = UserDatasource.swift; sourceTree = "<group>"; };
		D520617A2C21772D00E490EA /* NetworkError.swift */ = {isa = PBXFileReference; lastKnownFileType = sourcecode.swift; path = NetworkError.swift; sourceTree = "<group>"; };
		D523EE402C1C09B400C8E8BC /* LoginView.swift */ = {isa = PBXFileReference; lastKnownFileType = sourcecode.swift; path = LoginView.swift; sourceTree = "<group>"; };
		D523EE462C1C155F00C8E8BC /* LoginRequest.swift */ = {isa = PBXFileReference; lastKnownFileType = sourcecode.swift; path = LoginRequest.swift; sourceTree = "<group>"; };
		D563303C2C2F166700C47219 /* RoundedButton.swift */ = {isa = PBXFileReference; lastKnownFileType = sourcecode.swift; path = RoundedButton.swift; sourceTree = "<group>"; };
		D5A4B3CA2C3017060095B9C0 /* RegisterRequest.swift */ = {isa = PBXFileReference; lastKnownFileType = sourcecode.swift; path = RegisterRequest.swift; sourceTree = "<group>"; };
		D5B5FDDE2C24405400B03134 /* RegisterView.swift */ = {isa = PBXFileReference; lastKnownFileType = sourcecode.swift; path = RegisterView.swift; sourceTree = "<group>"; };
		D5B5FDE12C2452AB00B03134 /* HomeView.swift */ = {isa = PBXFileReference; lastKnownFileType = sourcecode.swift; path = HomeView.swift; sourceTree = "<group>"; };
		D5BA36972C3E34CA00305778 /* Endpoints.swift */ = {isa = PBXFileReference; lastKnownFileType = sourcecode.swift; path = Endpoints.swift; sourceTree = "<group>"; };
		D5BA369E2C3E568A00305778 /* AuthViewModel.swift */ = {isa = PBXFileReference; lastKnownFileType = sourcecode.swift; path = AuthViewModel.swift; sourceTree = "<group>"; };
		D5BA36A12C3E83AA00305778 /* AuthService.swift */ = {isa = PBXFileReference; lastKnownFileType = sourcecode.swift; path = AuthService.swift; sourceTree = "<group>"; };
		D5BA36A92C3FBBF700305778 /* RootView.swift */ = {isa = PBXFileReference; lastKnownFileType = sourcecode.swift; path = RootView.swift; sourceTree = "<group>"; };
		D5BA36AB2C3FD4FD00305778 /* NetworkHelper.swift */ = {isa = PBXFileReference; lastKnownFileType = sourcecode.swift; path = NetworkHelper.swift; sourceTree = "<group>"; };
		D5BA36AD2C3FF65000305778 /* UserResponse.swift */ = {isa = PBXFileReference; lastKnownFileType = sourcecode.swift; path = UserResponse.swift; sourceTree = "<group>"; };
		D5BA36AF2C3FF67100305778 /* Role.swift */ = {isa = PBXFileReference; lastKnownFileType = sourcecode.swift; path = Role.swift; sourceTree = "<group>"; };
		D5BA36B22C40474F00305778 /* SettingViewModel.swift */ = {isa = PBXFileReference; lastKnownFileType = sourcecode.swift; path = SettingViewModel.swift; sourceTree = "<group>"; };
		D5E57F672C3C538400F2B44B /* DropDownButton.swift */ = {isa = PBXFileReference; lastKnownFileType = sourcecode.swift; path = DropDownButton.swift; sourceTree = "<group>"; };
		D5E644AD2C3329F300A19008 /* SettingView.swift */ = {isa = PBXFileReference; lastKnownFileType = sourcecode.swift; path = SettingView.swift; sourceTree = "<group>"; };
		D5FBA8432C09C77200DB4DF8 /* SwiftUIApp.app */ = {isa = PBXFileReference; explicitFileType = wrapper.application; includeInIndex = 0; path = SwiftUIApp.app; sourceTree = BUILT_PRODUCTS_DIR; };
		D5FBA8462C09C77200DB4DF8 /* SwiftApp.swift */ = {isa = PBXFileReference; lastKnownFileType = sourcecode.swift; path = SwiftApp.swift; sourceTree = "<group>"; };
		D5FBA84A2C09C77400DB4DF8 /* Assets.xcassets */ = {isa = PBXFileReference; lastKnownFileType = folder.assetcatalog; path = Assets.xcassets; sourceTree = "<group>"; };
		D5FBA84D2C09C77400DB4DF8 /* Preview Assets.xcassets */ = {isa = PBXFileReference; lastKnownFileType = folder.assetcatalog; path = "Preview Assets.xcassets"; sourceTree = "<group>"; };
		D5FBA8532C09C77400DB4DF8 /* SwiftUIAppTests.xctest */ = {isa = PBXFileReference; explicitFileType = wrapper.cfbundle; includeInIndex = 0; path = SwiftUIAppTests.xctest; sourceTree = BUILT_PRODUCTS_DIR; };
		D5FBA8572C09C77400DB4DF8 /* SwiftUIAppTests.swift */ = {isa = PBXFileReference; lastKnownFileType = sourcecode.swift; path = SwiftUIAppTests.swift; sourceTree = "<group>"; };
		D5FBA85D2C09C77400DB4DF8 /* SwiftUIAppUITests.xctest */ = {isa = PBXFileReference; explicitFileType = wrapper.cfbundle; includeInIndex = 0; path = SwiftUIAppUITests.xctest; sourceTree = BUILT_PRODUCTS_DIR; };
		D5FBA8612C09C77400DB4DF8 /* SwiftUIAppUITests.swift */ = {isa = PBXFileReference; lastKnownFileType = sourcecode.swift; path = SwiftUIAppUITests.swift; sourceTree = "<group>"; };
		D5FBA8632C09C77400DB4DF8 /* SwiftUIAppUITestsLaunchTests.swift */ = {isa = PBXFileReference; lastKnownFileType = sourcecode.swift; path = SwiftUIAppUITestsLaunchTests.swift; sourceTree = "<group>"; };
		DC3964155A059985802127EA /* Pods-SwiftUIAppTests.release.xcconfig */ = {isa = PBXFileReference; includeInIndex = 1; lastKnownFileType = text.xcconfig; name = "Pods-SwiftUIAppTests.release.xcconfig"; path = "Target Support Files/Pods-SwiftUIAppTests/Pods-SwiftUIAppTests.release.xcconfig"; sourceTree = "<group>"; };
		FB51BDFDF00D35741011440C /* Pods_SwiftUIApp.framework */ = {isa = PBXFileReference; explicitFileType = wrapper.framework; includeInIndex = 0; path = Pods_SwiftUIApp.framework; sourceTree = BUILT_PRODUCTS_DIR; };
/* End PBXFileReference section */

/* Begin PBXFrameworksBuildPhase section */
		D5FBA8402C09C77200DB4DF8 /* Frameworks */ = {
			isa = PBXFrameworksBuildPhase;
			buildActionMask = 2147483647;
			files = (
				FF0927085FB53134454B1451 /* Pods_SwiftUIApp.framework in Frameworks */,
			);
			runOnlyForDeploymentPostprocessing = 0;
		};
		D5FBA8502C09C77400DB4DF8 /* Frameworks */ = {
			isa = PBXFrameworksBuildPhase;
			buildActionMask = 2147483647;
			files = (
				8E6638A937AE17DB9EEC207E /* Pods_SwiftUIAppTests.framework in Frameworks */,
			);
			runOnlyForDeploymentPostprocessing = 0;
		};
		D5FBA85A2C09C77400DB4DF8 /* Frameworks */ = {
			isa = PBXFrameworksBuildPhase;
			buildActionMask = 2147483647;
			files = (
				C2F1C73765CD53A2C8E0298B /* Pods_SwiftUIApp_SwiftUIAppUITests.framework in Frameworks */,
			);
			runOnlyForDeploymentPostprocessing = 0;
		};
/* End PBXFrameworksBuildPhase section */

/* Begin PBXGroup section */
		C6A5517AF57B02B322EF00C9 /* Pods */ = {
			isa = PBXGroup;
			children = (
				C16FEE96791C36C233B66636 /* Pods-SwiftUIApp.debug.xcconfig */,
				970BB5FF48040C8563835E4D /* Pods-SwiftUIApp.release.xcconfig */,
				28A472A2C55ED44F13DFC344 /* Pods-SwiftUIApp-SwiftUIAppUITests.debug.xcconfig */,
				5B84690A93062C498976F253 /* Pods-SwiftUIApp-SwiftUIAppUITests.release.xcconfig */,
				54A0377869AF02C1C039CFAF /* Pods-SwiftUIAppTests.debug.xcconfig */,
				DC3964155A059985802127EA /* Pods-SwiftUIAppTests.release.xcconfig */,
			);
			path = Pods;
			sourceTree = "<group>";
		};
		D513F28E2C1D2ECA00EFAFE7 /* Models */ = {
			isa = PBXGroup;
			children = (
				D5BA36AF2C3FF67100305778 /* Role.swift */,
				D513F28F2C1D2EF300EFAFE7 /* UserModel.swift */,
			);
			path = Models;
			sourceTree = "<group>";
		};
		D513F2912C1D308100EFAFE7 /* Data */ = {
			isa = PBXGroup;
			children = (
				D513F2952C1D347800EFAFE7 /* Datasource */,
				D513F2922C1D308D00EFAFE7 /* DTO */,
				D513F28E2C1D2ECA00EFAFE7 /* Models */,
			);
			path = Data;
			sourceTree = "<group>";
		};
		D513F2922C1D308D00EFAFE7 /* DTO */ = {
			isa = PBXGroup;
			children = (
				D523EE462C1C155F00C8E8BC /* LoginRequest.swift */,
				D513F2932C1D33BE00EFAFE7 /* LoginResponse.swift */,
				D5A4B3CA2C3017060095B9C0 /* RegisterRequest.swift */,
				D5BA36AD2C3FF65000305778 /* UserResponse.swift */,
			);
			path = DTO;
			sourceTree = "<group>";
		};
		D513F2952C1D347800EFAFE7 /* Datasource */ = {
			isa = PBXGroup;
			children = (
				D513F2962C1D349B00EFAFE7 /* UserDatasource.swift */,
			);
			path = Datasource;
			sourceTree = "<group>";
		};
		D52061792C21770600E490EA /* Enums */ = {
			isa = PBXGroup;
			children = (
				D520617A2C21772D00E490EA /* NetworkError.swift */,
			);
			path = Enums;
			sourceTree = "<group>";
		};
		D523EE3F2C1C099000C8E8BC /* Core */ = {
			isa = PBXGroup;
			children = (
				D5BA36A32C3E895B00305778 /* Root */,
				D5BA369B2C3E564800305778 /* Authentication */,
				D5E644AC2C3329E300A19008 /* Setting */,
				D5B5FDE02C24529C00B03134 /* Home */,
			);
			path = Core;
			sourceTree = "<group>";
		};
		D563303B2C2F163200C47219 /* Common */ = {
			isa = PBXGroup;
			children = (
				D5BA36962C3E34B900305778 /* Constant */,
				D5BA36952C3E335400305778 /* Helper */,
				D52061792C21770600E490EA /* Enums */,
				D5BA36942C3E330200305778 /* CommonView */,
			);
			path = Common;
			sourceTree = "<group>";
		};
		D5B5FDE02C24529C00B03134 /* Home */ = {
			isa = PBXGroup;
			children = (
				D5B5FDE12C2452AB00B03134 /* HomeView.swift */,
			);
			path = Home;
			sourceTree = "<group>";
		};
		D5BA36942C3E330200305778 /* CommonView */ = {
			isa = PBXGroup;
			children = (
				D563303C2C2F166700C47219 /* RoundedButton.swift */,
				D5E57F672C3C538400F2B44B /* DropDownButton.swift */,
			);
			path = CommonView;
			sourceTree = "<group>";
		};
		D5BA36952C3E335400305778 /* Helper */ = {
			isa = PBXGroup;
			children = (
				D5BA36AB2C3FD4FD00305778 /* NetworkHelper.swift */,
			);
			path = Helper;
			sourceTree = "<group>";
		};
		D5BA36962C3E34B900305778 /* Constant */ = {
			isa = PBXGroup;
			children = (
				D5BA36972C3E34CA00305778 /* Endpoints.swift */,
			);
			path = Constant;
			sourceTree = "<group>";
		};
		D5BA369B2C3E564800305778 /* Authentication */ = {
			isa = PBXGroup;
			children = (
				D5BA369D2C3E566B00305778 /* ViewModel */,
				D5BA369C2C3E566500305778 /* View */,
			);
			path = Authentication;
			sourceTree = "<group>";
		};
		D5BA369C2C3E566500305778 /* View */ = {
			isa = PBXGroup;
			children = (
				D5B5FDDE2C24405400B03134 /* RegisterView.swift */,
				D523EE402C1C09B400C8E8BC /* LoginView.swift */,
			);
			path = View;
			sourceTree = "<group>";
		};
		D5BA369D2C3E566B00305778 /* ViewModel */ = {
			isa = PBXGroup;
			children = (
				D5BA369E2C3E568A00305778 /* AuthViewModel.swift */,
			);
			path = ViewModel;
			sourceTree = "<group>";
		};
		D5BA36A02C3E839900305778 /* Services */ = {
			isa = PBXGroup;
			children = (
				D5BA36A12C3E83AA00305778 /* AuthService.swift */,
			);
			path = Services;
			sourceTree = "<group>";
		};
		D5BA36A32C3E895B00305778 /* Root */ = {
			isa = PBXGroup;
			children = (
				D5BA36A92C3FBBF700305778 /* RootView.swift */,
			);
			path = Root;
			sourceTree = "<group>";
		};
		D5BA36B12C40473A00305778 /* ViewModel */ = {
			isa = PBXGroup;
			children = (
				D5BA36B22C40474F00305778 /* SettingViewModel.swift */,
			);
			path = ViewModel;
			sourceTree = "<group>";
		};
		D5BA36B42C40475600305778 /* View */ = {
			isa = PBXGroup;
			children = (
				D5E644AD2C3329F300A19008 /* SettingView.swift */,
			);
			path = View;
			sourceTree = "<group>";
		};
		D5E644AC2C3329E300A19008 /* Setting */ = {
			isa = PBXGroup;
			children = (
				D5BA36B42C40475600305778 /* View */,
				D5BA36B12C40473A00305778 /* ViewModel */,
			);
			path = Setting;
			sourceTree = "<group>";
		};
		D5FBA83A2C09C77200DB4DF8 = {
			isa = PBXGroup;
			children = (
				D5FBA8452C09C77200DB4DF8 /* SwiftUIApp */,
				D5FBA8562C09C77400DB4DF8 /* SwiftUIAppTests */,
				D5FBA8602C09C77400DB4DF8 /* SwiftUIAppUITests */,
				D5FBA8442C09C77200DB4DF8 /* Products */,
				C6A5517AF57B02B322EF00C9 /* Pods */,
				E9692D3D19CAA47904A69080 /* Frameworks */,
			);
			sourceTree = "<group>";
		};
		D5FBA8442C09C77200DB4DF8 /* Products */ = {
			isa = PBXGroup;
			children = (
				D5FBA8432C09C77200DB4DF8 /* SwiftUIApp.app */,
				D5FBA8532C09C77400DB4DF8 /* SwiftUIAppTests.xctest */,
				D5FBA85D2C09C77400DB4DF8 /* SwiftUIAppUITests.xctest */,
			);
			name = Products;
			sourceTree = "<group>";
		};
		D5FBA8452C09C77200DB4DF8 /* SwiftUIApp */ = {
			isa = PBXGroup;
			children = (
				D5BA36A02C3E839900305778 /* Services */,
				D563303B2C2F163200C47219 /* Common */,
				D513F2912C1D308100EFAFE7 /* Data */,
				D523EE3F2C1C099000C8E8BC /* Core */,
				D5FBA8462C09C77200DB4DF8 /* SwiftApp.swift */,
				D5FBA84A2C09C77400DB4DF8 /* Assets.xcassets */,
				D5FBA84C2C09C77400DB4DF8 /* Preview Content */,
			);
			path = SwiftUIApp;
			sourceTree = "<group>";
		};
		D5FBA84C2C09C77400DB4DF8 /* Preview Content */ = {
			isa = PBXGroup;
			children = (
				D5FBA84D2C09C77400DB4DF8 /* Preview Assets.xcassets */,
			);
			path = "Preview Content";
			sourceTree = "<group>";
		};
		D5FBA8562C09C77400DB4DF8 /* SwiftUIAppTests */ = {
			isa = PBXGroup;
			children = (
				D5FBA8572C09C77400DB4DF8 /* SwiftUIAppTests.swift */,
			);
			path = SwiftUIAppTests;
			sourceTree = "<group>";
		};
		D5FBA8602C09C77400DB4DF8 /* SwiftUIAppUITests */ = {
			isa = PBXGroup;
			children = (
				D5FBA8612C09C77400DB4DF8 /* SwiftUIAppUITests.swift */,
				D5FBA8632C09C77400DB4DF8 /* SwiftUIAppUITestsLaunchTests.swift */,
			);
			path = SwiftUIAppUITests;
			sourceTree = "<group>";
		};
		E9692D3D19CAA47904A69080 /* Frameworks */ = {
			isa = PBXGroup;
			children = (
				FB51BDFDF00D35741011440C /* Pods_SwiftUIApp.framework */,
				529DE73C72073C821EE7480A /* Pods_SwiftUIApp_SwiftUIAppUITests.framework */,
				6B672880296060D751286066 /* Pods_SwiftUIAppTests.framework */,
			);
			name = Frameworks;
			sourceTree = "<group>";
		};
/* End PBXGroup section */

/* Begin PBXNativeTarget section */
		D5FBA8422C09C77200DB4DF8 /* SwiftUIApp */ = {
			isa = PBXNativeTarget;
			buildConfigurationList = D5FBA8672C09C77400DB4DF8 /* Build configuration list for PBXNativeTarget "SwiftUIApp" */;
			buildPhases = (
				8222AA58584DB0253ED31901 /* [CP] Check Pods Manifest.lock */,
				D5FBA83F2C09C77200DB4DF8 /* Sources */,
				D5FBA8402C09C77200DB4DF8 /* Frameworks */,
				D5FBA8412C09C77200DB4DF8 /* Resources */,
				691FCC1E0A56D081C1674887 /* [CP] Embed Pods Frameworks */,
			);
			buildRules = (
			);
			dependencies = (
			);
			name = SwiftUIApp;
			productName = WeatherApp;
			productReference = D5FBA8432C09C77200DB4DF8 /* SwiftUIApp.app */;
			productType = "com.apple.product-type.application";
		};
		D5FBA8522C09C77400DB4DF8 /* SwiftUIAppTests */ = {
			isa = PBXNativeTarget;
			buildConfigurationList = D5FBA86A2C09C77400DB4DF8 /* Build configuration list for PBXNativeTarget "SwiftUIAppTests" */;
			buildPhases = (
				EE9E68AD6E0E7362AA6AC043 /* [CP] Check Pods Manifest.lock */,
				D5FBA84F2C09C77400DB4DF8 /* Sources */,
				D5FBA8502C09C77400DB4DF8 /* Frameworks */,
				D5FBA8512C09C77400DB4DF8 /* Resources */,
			);
			buildRules = (
			);
			dependencies = (
				D5FBA8552C09C77400DB4DF8 /* PBXTargetDependency */,
			);
			name = SwiftUIAppTests;
			productName = WeatherAppTests;
			productReference = D5FBA8532C09C77400DB4DF8 /* SwiftUIAppTests.xctest */;
			productType = "com.apple.product-type.bundle.unit-test";
		};
		D5FBA85C2C09C77400DB4DF8 /* SwiftUIAppUITests */ = {
			isa = PBXNativeTarget;
			buildConfigurationList = D5FBA86D2C09C77400DB4DF8 /* Build configuration list for PBXNativeTarget "SwiftUIAppUITests" */;
			buildPhases = (
				02A49778394DCC89E165A477 /* [CP] Check Pods Manifest.lock */,
				D5FBA8592C09C77400DB4DF8 /* Sources */,
				D5FBA85A2C09C77400DB4DF8 /* Frameworks */,
				D5FBA85B2C09C77400DB4DF8 /* Resources */,
				CD606063440C3FDE5BDE847A /* [CP] Embed Pods Frameworks */,
			);
			buildRules = (
			);
			dependencies = (
				D5FBA85F2C09C77400DB4DF8 /* PBXTargetDependency */,
			);
			name = SwiftUIAppUITests;
			productName = WeatherAppUITests;
			productReference = D5FBA85D2C09C77400DB4DF8 /* SwiftUIAppUITests.xctest */;
			productType = "com.apple.product-type.bundle.ui-testing";
		};
/* End PBXNativeTarget section */

/* Begin PBXProject section */
		D5FBA83B2C09C77200DB4DF8 /* Project object */ = {
			isa = PBXProject;
			attributes = {
				BuildIndependentTargetsInParallel = 1;
				LastSwiftUpdateCheck = 1430;
				LastUpgradeCheck = 1430;
				TargetAttributes = {
					D5FBA8422C09C77200DB4DF8 = {
						CreatedOnToolsVersion = 14.3.1;
					};
					D5FBA8522C09C77400DB4DF8 = {
						CreatedOnToolsVersion = 14.3.1;
						TestTargetID = D5FBA8422C09C77200DB4DF8;
					};
					D5FBA85C2C09C77400DB4DF8 = {
						CreatedOnToolsVersion = 14.3.1;
						TestTargetID = D5FBA8422C09C77200DB4DF8;
					};
				};
			};
			buildConfigurationList = D5FBA83E2C09C77200DB4DF8 /* Build configuration list for PBXProject "SwiftUIApp" */;
			compatibilityVersion = "Xcode 14.0";
			developmentRegion = en;
			hasScannedForEncodings = 0;
			knownRegions = (
				en,
				Base,
			);
			mainGroup = D5FBA83A2C09C77200DB4DF8;
			productRefGroup = D5FBA8442C09C77200DB4DF8 /* Products */;
			projectDirPath = "";
			projectRoot = "";
			targets = (
				D5FBA8422C09C77200DB4DF8 /* SwiftUIApp */,
				D5FBA8522C09C77400DB4DF8 /* SwiftUIAppTests */,
				D5FBA85C2C09C77400DB4DF8 /* SwiftUIAppUITests */,
			);
		};
/* End PBXProject section */

/* Begin PBXResourcesBuildPhase section */
		D5FBA8412C09C77200DB4DF8 /* Resources */ = {
			isa = PBXResourcesBuildPhase;
			buildActionMask = 2147483647;
			files = (
				D5FBA84E2C09C77400DB4DF8 /* Preview Assets.xcassets in Resources */,
				D5FBA84B2C09C77400DB4DF8 /* Assets.xcassets in Resources */,
			);
			runOnlyForDeploymentPostprocessing = 0;
		};
		D5FBA8512C09C77400DB4DF8 /* Resources */ = {
			isa = PBXResourcesBuildPhase;
			buildActionMask = 2147483647;
			files = (
			);
			runOnlyForDeploymentPostprocessing = 0;
		};
		D5FBA85B2C09C77400DB4DF8 /* Resources */ = {
			isa = PBXResourcesBuildPhase;
			buildActionMask = 2147483647;
			files = (
			);
			runOnlyForDeploymentPostprocessing = 0;
		};
/* End PBXResourcesBuildPhase section */

/* Begin PBXShellScriptBuildPhase section */
		02A49778394DCC89E165A477 /* [CP] Check Pods Manifest.lock */ = {
			isa = PBXShellScriptBuildPhase;
			buildActionMask = 2147483647;
			files = (
			);
			inputFileListPaths = (
			);
			inputPaths = (
				"${PODS_PODFILE_DIR_PATH}/Podfile.lock",
				"${PODS_ROOT}/Manifest.lock",
			);
			name = "[CP] Check Pods Manifest.lock";
			outputFileListPaths = (
			);
			outputPaths = (
				"$(DERIVED_FILE_DIR)/Pods-SwiftUIApp-SwiftUIAppUITests-checkManifestLockResult.txt",
			);
			runOnlyForDeploymentPostprocessing = 0;
			shellPath = /bin/sh;
			shellScript = "diff \"${PODS_PODFILE_DIR_PATH}/Podfile.lock\" \"${PODS_ROOT}/Manifest.lock\" > /dev/null\nif [ $? != 0 ] ; then\n    # print error to STDERR\n    echo \"error: The sandbox is not in sync with the Podfile.lock. Run 'pod install' or update your CocoaPods installation.\" >&2\n    exit 1\nfi\n# This output is used by Xcode 'outputs' to avoid re-running this script phase.\necho \"SUCCESS\" > \"${SCRIPT_OUTPUT_FILE_0}\"\n";
			showEnvVarsInLog = 0;
		};
		691FCC1E0A56D081C1674887 /* [CP] Embed Pods Frameworks */ = {
			isa = PBXShellScriptBuildPhase;
			buildActionMask = 2147483647;
			files = (
			);
			inputFileListPaths = (
				"${PODS_ROOT}/Target Support Files/Pods-SwiftUIApp/Pods-SwiftUIApp-frameworks-${CONFIGURATION}-input-files.xcfilelist",
			);
			name = "[CP] Embed Pods Frameworks";
			outputFileListPaths = (
				"${PODS_ROOT}/Target Support Files/Pods-SwiftUIApp/Pods-SwiftUIApp-frameworks-${CONFIGURATION}-output-files.xcfilelist",
			);
			runOnlyForDeploymentPostprocessing = 0;
			shellPath = /bin/sh;
			shellScript = "\"${PODS_ROOT}/Target Support Files/Pods-SwiftUIApp/Pods-SwiftUIApp-frameworks.sh\"\n";
			showEnvVarsInLog = 0;
		};
		8222AA58584DB0253ED31901 /* [CP] Check Pods Manifest.lock */ = {
			isa = PBXShellScriptBuildPhase;
			buildActionMask = 2147483647;
			files = (
			);
			inputFileListPaths = (
			);
			inputPaths = (
				"${PODS_PODFILE_DIR_PATH}/Podfile.lock",
				"${PODS_ROOT}/Manifest.lock",
			);
			name = "[CP] Check Pods Manifest.lock";
			outputFileListPaths = (
			);
			outputPaths = (
				"$(DERIVED_FILE_DIR)/Pods-SwiftUIApp-checkManifestLockResult.txt",
			);
			runOnlyForDeploymentPostprocessing = 0;
			shellPath = /bin/sh;
			shellScript = "diff \"${PODS_PODFILE_DIR_PATH}/Podfile.lock\" \"${PODS_ROOT}/Manifest.lock\" > /dev/null\nif [ $? != 0 ] ; then\n    # print error to STDERR\n    echo \"error: The sandbox is not in sync with the Podfile.lock. Run 'pod install' or update your CocoaPods installation.\" >&2\n    exit 1\nfi\n# This output is used by Xcode 'outputs' to avoid re-running this script phase.\necho \"SUCCESS\" > \"${SCRIPT_OUTPUT_FILE_0}\"\n";
			showEnvVarsInLog = 0;
		};
		CD606063440C3FDE5BDE847A /* [CP] Embed Pods Frameworks */ = {
			isa = PBXShellScriptBuildPhase;
			buildActionMask = 2147483647;
			files = (
			);
			inputFileListPaths = (
				"${PODS_ROOT}/Target Support Files/Pods-SwiftUIApp-SwiftUIAppUITests/Pods-SwiftUIApp-SwiftUIAppUITests-frameworks-${CONFIGURATION}-input-files.xcfilelist",
			);
			name = "[CP] Embed Pods Frameworks";
			outputFileListPaths = (
				"${PODS_ROOT}/Target Support Files/Pods-SwiftUIApp-SwiftUIAppUITests/Pods-SwiftUIApp-SwiftUIAppUITests-frameworks-${CONFIGURATION}-output-files.xcfilelist",
			);
			runOnlyForDeploymentPostprocessing = 0;
			shellPath = /bin/sh;
			shellScript = "\"${PODS_ROOT}/Target Support Files/Pods-SwiftUIApp-SwiftUIAppUITests/Pods-SwiftUIApp-SwiftUIAppUITests-frameworks.sh\"\n";
			showEnvVarsInLog = 0;
		};
		EE9E68AD6E0E7362AA6AC043 /* [CP] Check Pods Manifest.lock */ = {
			isa = PBXShellScriptBuildPhase;
			buildActionMask = 2147483647;
			files = (
			);
			inputFileListPaths = (
			);
			inputPaths = (
				"${PODS_PODFILE_DIR_PATH}/Podfile.lock",
				"${PODS_ROOT}/Manifest.lock",
			);
			name = "[CP] Check Pods Manifest.lock";
			outputFileListPaths = (
			);
			outputPaths = (
				"$(DERIVED_FILE_DIR)/Pods-SwiftUIAppTests-checkManifestLockResult.txt",
			);
			runOnlyForDeploymentPostprocessing = 0;
			shellPath = /bin/sh;
			shellScript = "diff \"${PODS_PODFILE_DIR_PATH}/Podfile.lock\" \"${PODS_ROOT}/Manifest.lock\" > /dev/null\nif [ $? != 0 ] ; then\n    # print error to STDERR\n    echo \"error: The sandbox is not in sync with the Podfile.lock. Run 'pod install' or update your CocoaPods installation.\" >&2\n    exit 1\nfi\n# This output is used by Xcode 'outputs' to avoid re-running this script phase.\necho \"SUCCESS\" > \"${SCRIPT_OUTPUT_FILE_0}\"\n";
			showEnvVarsInLog = 0;
		};
/* End PBXShellScriptBuildPhase section */

/* Begin PBXSourcesBuildPhase section */
		D5FBA83F2C09C77200DB4DF8 /* Sources */ = {
			isa = PBXSourcesBuildPhase;
			buildActionMask = 2147483647;
			files = (
				D5B5FDDF2C24405400B03134 /* RegisterView.swift in Sources */,
				D5BA36B32C40474F00305778 /* SettingViewModel.swift in Sources */,
				D5BA36982C3E34CA00305778 /* Endpoints.swift in Sources */,
				D513F2972C1D349B00EFAFE7 /* UserDatasource.swift in Sources */,
				D5BA36AA2C3FBBF700305778 /* RootView.swift in Sources */,
				D5BA36A22C3E83AA00305778 /* AuthService.swift in Sources */,
				D523EE412C1C09B400C8E8BC /* LoginView.swift in Sources */,
				D5BA369F2C3E568A00305778 /* AuthViewModel.swift in Sources */,
				D5B5FDE22C2452AB00B03134 /* HomeView.swift in Sources */,
				D5E644AE2C3329F300A19008 /* SettingView.swift in Sources */,
				D5A4B3CB2C3017060095B9C0 /* RegisterRequest.swift in Sources */,
				D5BA36AC2C3FD4FD00305778 /* NetworkHelper.swift in Sources */,
				D5E57F682C3C538400F2B44B /* DropDownButton.swift in Sources */,
				D523EE472C1C155F00C8E8BC /* LoginRequest.swift in Sources */,
				D5BA36AE2C3FF65000305778 /* UserResponse.swift in Sources */,
				D563303D2C2F166700C47219 /* RoundedButton.swift in Sources */,
				D513F2902C1D2EF300EFAFE7 /* UserModel.swift in Sources */,
				D5FBA8472C09C77200DB4DF8 /* SwiftApp.swift in Sources */,
				D520617B2C21772D00E490EA /* NetworkError.swift in Sources */,
				D513F2942C1D33BE00EFAFE7 /* LoginResponse.swift in Sources */,
				D5BA36B02C3FF67100305778 /* Role.swift in Sources */,
			);
			runOnlyForDeploymentPostprocessing = 0;
		};
		D5FBA84F2C09C77400DB4DF8 /* Sources */ = {
			isa = PBXSourcesBuildPhase;
			buildActionMask = 2147483647;
			files = (
				D5FBA8582C09C77400DB4DF8 /* SwiftUIAppTests.swift in Sources */,
			);
			runOnlyForDeploymentPostprocessing = 0;
		};
		D5FBA8592C09C77400DB4DF8 /* Sources */ = {
			isa = PBXSourcesBuildPhase;
			buildActionMask = 2147483647;
			files = (
				D5FBA8622C09C77400DB4DF8 /* SwiftUIAppUITests.swift in Sources */,
				D5FBA8642C09C77400DB4DF8 /* SwiftUIAppUITestsLaunchTests.swift in Sources */,
			);
			runOnlyForDeploymentPostprocessing = 0;
		};
/* End PBXSourcesBuildPhase section */

/* Begin PBXTargetDependency section */
		D5FBA8552C09C77400DB4DF8 /* PBXTargetDependency */ = {
			isa = PBXTargetDependency;
			target = D5FBA8422C09C77200DB4DF8 /* SwiftUIApp */;
			targetProxy = D5FBA8542C09C77400DB4DF8 /* PBXContainerItemProxy */;
		};
		D5FBA85F2C09C77400DB4DF8 /* PBXTargetDependency */ = {
			isa = PBXTargetDependency;
			target = D5FBA8422C09C77200DB4DF8 /* SwiftUIApp */;
			targetProxy = D5FBA85E2C09C77400DB4DF8 /* PBXContainerItemProxy */;
		};
/* End PBXTargetDependency section */

/* Begin XCBuildConfiguration section */
		D5FBA8652C09C77400DB4DF8 /* Debug */ = {
			isa = XCBuildConfiguration;
			buildSettings = {
				ALWAYS_SEARCH_USER_PATHS = NO;
				CLANG_ANALYZER_NONNULL = YES;
				CLANG_ANALYZER_NUMBER_OBJECT_CONVERSION = YES_AGGRESSIVE;
				CLANG_CXX_LANGUAGE_STANDARD = "gnu++20";
				CLANG_ENABLE_MODULES = YES;
				CLANG_ENABLE_OBJC_ARC = YES;
				CLANG_ENABLE_OBJC_WEAK = YES;
				CLANG_WARN_BLOCK_CAPTURE_AUTORELEASING = YES;
				CLANG_WARN_BOOL_CONVERSION = YES;
				CLANG_WARN_COMMA = YES;
				CLANG_WARN_CONSTANT_CONVERSION = YES;
				CLANG_WARN_DEPRECATED_OBJC_IMPLEMENTATIONS = YES;
				CLANG_WARN_DIRECT_OBJC_ISA_USAGE = YES_ERROR;
				CLANG_WARN_DOCUMENTATION_COMMENTS = YES;
				CLANG_WARN_EMPTY_BODY = YES;
				CLANG_WARN_ENUM_CONVERSION = YES;
				CLANG_WARN_INFINITE_RECURSION = YES;
				CLANG_WARN_INT_CONVERSION = YES;
				CLANG_WARN_NON_LITERAL_NULL_CONVERSION = YES;
				CLANG_WARN_OBJC_IMPLICIT_RETAIN_SELF = YES;
				CLANG_WARN_OBJC_LITERAL_CONVERSION = YES;
				CLANG_WARN_OBJC_ROOT_CLASS = YES_ERROR;
				CLANG_WARN_QUOTED_INCLUDE_IN_FRAMEWORK_HEADER = YES;
				CLANG_WARN_RANGE_LOOP_ANALYSIS = YES;
				CLANG_WARN_STRICT_PROTOTYPES = YES;
				CLANG_WARN_SUSPICIOUS_MOVE = YES;
				CLANG_WARN_UNGUARDED_AVAILABILITY = YES_AGGRESSIVE;
				CLANG_WARN_UNREACHABLE_CODE = YES;
				CLANG_WARN__DUPLICATE_METHOD_MATCH = YES;
				COPY_PHASE_STRIP = NO;
				DEBUG_INFORMATION_FORMAT = dwarf;
				ENABLE_STRICT_OBJC_MSGSEND = YES;
				ENABLE_TESTABILITY = YES;
				GCC_C_LANGUAGE_STANDARD = gnu11;
				GCC_DYNAMIC_NO_PIC = NO;
				GCC_NO_COMMON_BLOCKS = YES;
				GCC_OPTIMIZATION_LEVEL = 0;
				GCC_PREPROCESSOR_DEFINITIONS = (
					"DEBUG=1",
					"$(inherited)",
				);
				GCC_WARN_64_TO_32_BIT_CONVERSION = YES;
				GCC_WARN_ABOUT_RETURN_TYPE = YES_ERROR;
				GCC_WARN_UNDECLARED_SELECTOR = YES;
				GCC_WARN_UNINITIALIZED_AUTOS = YES_AGGRESSIVE;
				GCC_WARN_UNUSED_FUNCTION = YES;
				GCC_WARN_UNUSED_VARIABLE = YES;
				IPHONEOS_DEPLOYMENT_TARGET = 16.4;
				MTL_ENABLE_DEBUG_INFO = INCLUDE_SOURCE;
				MTL_FAST_MATH = YES;
				ONLY_ACTIVE_ARCH = YES;
				SDKROOT = iphoneos;
				SWIFT_ACTIVE_COMPILATION_CONDITIONS = DEBUG;
				SWIFT_OPTIMIZATION_LEVEL = "-Onone";
			};
			name = Debug;
		};
		D5FBA8662C09C77400DB4DF8 /* Release */ = {
			isa = XCBuildConfiguration;
			buildSettings = {
				ALWAYS_SEARCH_USER_PATHS = NO;
				CLANG_ANALYZER_NONNULL = YES;
				CLANG_ANALYZER_NUMBER_OBJECT_CONVERSION = YES_AGGRESSIVE;
				CLANG_CXX_LANGUAGE_STANDARD = "gnu++20";
				CLANG_ENABLE_MODULES = YES;
				CLANG_ENABLE_OBJC_ARC = YES;
				CLANG_ENABLE_OBJC_WEAK = YES;
				CLANG_WARN_BLOCK_CAPTURE_AUTORELEASING = YES;
				CLANG_WARN_BOOL_CONVERSION = YES;
				CLANG_WARN_COMMA = YES;
				CLANG_WARN_CONSTANT_CONVERSION = YES;
				CLANG_WARN_DEPRECATED_OBJC_IMPLEMENTATIONS = YES;
				CLANG_WARN_DIRECT_OBJC_ISA_USAGE = YES_ERROR;
				CLANG_WARN_DOCUMENTATION_COMMENTS = YES;
				CLANG_WARN_EMPTY_BODY = YES;
				CLANG_WARN_ENUM_CONVERSION = YES;
				CLANG_WARN_INFINITE_RECURSION = YES;
				CLANG_WARN_INT_CONVERSION = YES;
				CLANG_WARN_NON_LITERAL_NULL_CONVERSION = YES;
				CLANG_WARN_OBJC_IMPLICIT_RETAIN_SELF = YES;
				CLANG_WARN_OBJC_LITERAL_CONVERSION = YES;
				CLANG_WARN_OBJC_ROOT_CLASS = YES_ERROR;
				CLANG_WARN_QUOTED_INCLUDE_IN_FRAMEWORK_HEADER = YES;
				CLANG_WARN_RANGE_LOOP_ANALYSIS = YES;
				CLANG_WARN_STRICT_PROTOTYPES = YES;
				CLANG_WARN_SUSPICIOUS_MOVE = YES;
				CLANG_WARN_UNGUARDED_AVAILABILITY = YES_AGGRESSIVE;
				CLANG_WARN_UNREACHABLE_CODE = YES;
				CLANG_WARN__DUPLICATE_METHOD_MATCH = YES;
				COPY_PHASE_STRIP = NO;
				DEBUG_INFORMATION_FORMAT = "dwarf-with-dsym";
				ENABLE_NS_ASSERTIONS = NO;
				ENABLE_STRICT_OBJC_MSGSEND = YES;
				GCC_C_LANGUAGE_STANDARD = gnu11;
				GCC_NO_COMMON_BLOCKS = YES;
				GCC_WARN_64_TO_32_BIT_CONVERSION = YES;
				GCC_WARN_ABOUT_RETURN_TYPE = YES_ERROR;
				GCC_WARN_UNDECLARED_SELECTOR = YES;
				GCC_WARN_UNINITIALIZED_AUTOS = YES_AGGRESSIVE;
				GCC_WARN_UNUSED_FUNCTION = YES;
				GCC_WARN_UNUSED_VARIABLE = YES;
				IPHONEOS_DEPLOYMENT_TARGET = 16.4;
				MTL_ENABLE_DEBUG_INFO = NO;
				MTL_FAST_MATH = YES;
				SDKROOT = iphoneos;
				SWIFT_COMPILATION_MODE = wholemodule;
				SWIFT_OPTIMIZATION_LEVEL = "-O";
				VALIDATE_PRODUCT = YES;
			};
			name = Release;
		};
		D5FBA8682C09C77400DB4DF8 /* Debug */ = {
			isa = XCBuildConfiguration;
			baseConfigurationReference = C16FEE96791C36C233B66636 /* Pods-SwiftUIApp.debug.xcconfig */;
			buildSettings = {
				ASSETCATALOG_COMPILER_APPICON_NAME = AppIcon;
				ASSETCATALOG_COMPILER_GLOBAL_ACCENT_COLOR_NAME = AccentColor;
				CODE_SIGN_STYLE = Automatic;
				CURRENT_PROJECT_VERSION = 1;
				DEVELOPMENT_ASSET_PATHS = "\"SwiftUIApp/Preview Content\"";
				ENABLE_PREVIEWS = YES;
				GENERATE_INFOPLIST_FILE = YES;
				INFOPLIST_KEY_UIApplicationSceneManifest_Generation = YES;
				INFOPLIST_KEY_UIApplicationSupportsIndirectInputEvents = YES;
				INFOPLIST_KEY_UILaunchScreen_Generation = YES;
				INFOPLIST_KEY_UISupportedInterfaceOrientations_iPad = "UIInterfaceOrientationPortrait UIInterfaceOrientationPortraitUpsideDown UIInterfaceOrientationLandscapeLeft UIInterfaceOrientationLandscapeRight";
				INFOPLIST_KEY_UISupportedInterfaceOrientations_iPhone = "UIInterfaceOrientationPortrait UIInterfaceOrientationLandscapeLeft UIInterfaceOrientationLandscapeRight";
				LD_RUNPATH_SEARCH_PATHS = (
					"$(inherited)",
					"@executable_path/Frameworks",
				);
				MARKETING_VERSION = 1.0;
				PRODUCT_BUNDLE_IDENTIFIER = ChauThi.SwiftUI;
				PRODUCT_NAME = "$(TARGET_NAME)";
				SWIFT_EMIT_LOC_STRINGS = YES;
				SWIFT_VERSION = 5.0;
				TARGETED_DEVICE_FAMILY = "1,2";
			};
			name = Debug;
		};
		D5FBA8692C09C77400DB4DF8 /* Release */ = {
			isa = XCBuildConfiguration;
			baseConfigurationReference = 970BB5FF48040C8563835E4D /* Pods-SwiftUIApp.release.xcconfig */;
			buildSettings = {
				ASSETCATALOG_COMPILER_APPICON_NAME = AppIcon;
				ASSETCATALOG_COMPILER_GLOBAL_ACCENT_COLOR_NAME = AccentColor;
				CODE_SIGN_STYLE = Automatic;
				CURRENT_PROJECT_VERSION = 1;
				DEVELOPMENT_ASSET_PATHS = "\"SwiftUIApp/Preview Content\"";
				ENABLE_PREVIEWS = YES;
				GENERATE_INFOPLIST_FILE = YES;
				INFOPLIST_KEY_UIApplicationSceneManifest_Generation = YES;
				INFOPLIST_KEY_UIApplicationSupportsIndirectInputEvents = YES;
				INFOPLIST_KEY_UILaunchScreen_Generation = YES;
				INFOPLIST_KEY_UISupportedInterfaceOrientations_iPad = "UIInterfaceOrientationPortrait UIInterfaceOrientationPortraitUpsideDown UIInterfaceOrientationLandscapeLeft UIInterfaceOrientationLandscapeRight";
				INFOPLIST_KEY_UISupportedInterfaceOrientations_iPhone = "UIInterfaceOrientationPortrait UIInterfaceOrientationLandscapeLeft UIInterfaceOrientationLandscapeRight";
				LD_RUNPATH_SEARCH_PATHS = (
					"$(inherited)",
					"@executable_path/Frameworks",
				);
				MARKETING_VERSION = 1.0;
				PRODUCT_BUNDLE_IDENTIFIER = ChauThi.SwiftUI;
				PRODUCT_NAME = "$(TARGET_NAME)";
				SWIFT_EMIT_LOC_STRINGS = YES;
				SWIFT_VERSION = 5.0;
				TARGETED_DEVICE_FAMILY = "1,2";
			};
			name = Release;
		};
		D5FBA86B2C09C77400DB4DF8 /* Debug */ = {
			isa = XCBuildConfiguration;
			baseConfigurationReference = 54A0377869AF02C1C039CFAF /* Pods-SwiftUIAppTests.debug.xcconfig */;
			buildSettings = {
				ALWAYS_EMBED_SWIFT_STANDARD_LIBRARIES = YES;
				BUNDLE_LOADER = "$(TEST_HOST)";
				CODE_SIGN_STYLE = Automatic;
				CURRENT_PROJECT_VERSION = 1;
				GENERATE_INFOPLIST_FILE = YES;
				IPHONEOS_DEPLOYMENT_TARGET = 16.4;
				MARKETING_VERSION = 1.0;
				PRODUCT_BUNDLE_IDENTIFIER = ChauThi.WeatherAppTests;
				PRODUCT_NAME = "$(TARGET_NAME)";
				SWIFT_EMIT_LOC_STRINGS = NO;
				SWIFT_VERSION = 5.0;
				TARGETED_DEVICE_FAMILY = "1,2";
				TEST_HOST = "$(BUILT_PRODUCTS_DIR)/SwiftUIApp.app/$(BUNDLE_EXECUTABLE_FOLDER_PATH)/SwiftUIApp";
			};
			name = Debug;
		};
		D5FBA86C2C09C77400DB4DF8 /* Release */ = {
			isa = XCBuildConfiguration;
			baseConfigurationReference = DC3964155A059985802127EA /* Pods-SwiftUIAppTests.release.xcconfig */;
			buildSettings = {
				ALWAYS_EMBED_SWIFT_STANDARD_LIBRARIES = YES;
				BUNDLE_LOADER = "$(TEST_HOST)";
				CODE_SIGN_STYLE = Automatic;
				CURRENT_PROJECT_VERSION = 1;
				GENERATE_INFOPLIST_FILE = YES;
				IPHONEOS_DEPLOYMENT_TARGET = 16.4;
				MARKETING_VERSION = 1.0;
				PRODUCT_BUNDLE_IDENTIFIER = ChauThi.WeatherAppTests;
				PRODUCT_NAME = "$(TARGET_NAME)";
				SWIFT_EMIT_LOC_STRINGS = NO;
				SWIFT_VERSION = 5.0;
				TARGETED_DEVICE_FAMILY = "1,2";
				TEST_HOST = "$(BUILT_PRODUCTS_DIR)/SwiftUIApp.app/$(BUNDLE_EXECUTABLE_FOLDER_PATH)/SwiftUIApp";
			};
			name = Release;
		};
		D5FBA86E2C09C77400DB4DF8 /* Debug */ = {
			isa = XCBuildConfiguration;
			baseConfigurationReference = 28A472A2C55ED44F13DFC344 /* Pods-SwiftUIApp-SwiftUIAppUITests.debug.xcconfig */;
			buildSettings = {
				ALWAYS_EMBED_SWIFT_STANDARD_LIBRARIES = YES;
				CODE_SIGN_STYLE = Automatic;
				CURRENT_PROJECT_VERSION = 1;
				GENERATE_INFOPLIST_FILE = YES;
				MARKETING_VERSION = 1.0;
				PRODUCT_BUNDLE_IDENTIFIER = ChauThi.WeatherAppUITests;
				PRODUCT_NAME = "$(TARGET_NAME)";
				SWIFT_EMIT_LOC_STRINGS = NO;
				SWIFT_VERSION = 5.0;
				TARGETED_DEVICE_FAMILY = "1,2";
				TEST_TARGET_NAME = WeatherApp;
			};
			name = Debug;
		};
		D5FBA86F2C09C77400DB4DF8 /* Release */ = {
			isa = XCBuildConfiguration;
			baseConfigurationReference = 5B84690A93062C498976F253 /* Pods-SwiftUIApp-SwiftUIAppUITests.release.xcconfig */;
			buildSettings = {
				ALWAYS_EMBED_SWIFT_STANDARD_LIBRARIES = YES;
				CODE_SIGN_STYLE = Automatic;
				CURRENT_PROJECT_VERSION = 1;
				GENERATE_INFOPLIST_FILE = YES;
				MARKETING_VERSION = 1.0;
				PRODUCT_BUNDLE_IDENTIFIER = ChauThi.WeatherAppUITests;
				PRODUCT_NAME = "$(TARGET_NAME)";
				SWIFT_EMIT_LOC_STRINGS = NO;
				SWIFT_VERSION = 5.0;
				TARGETED_DEVICE_FAMILY = "1,2";
				TEST_TARGET_NAME = WeatherApp;
			};
			name = Release;
		};
/* End XCBuildConfiguration section */

/* Begin XCConfigurationList section */
		D5FBA83E2C09C77200DB4DF8 /* Build configuration list for PBXProject "SwiftUIApp" */ = {
			isa = XCConfigurationList;
			buildConfigurations = (
				D5FBA8652C09C77400DB4DF8 /* Debug */,
				D5FBA8662C09C77400DB4DF8 /* Release */,
			);
			defaultConfigurationIsVisible = 0;
			defaultConfigurationName = Release;
		};
		D5FBA8672C09C77400DB4DF8 /* Build configuration list for PBXNativeTarget "SwiftUIApp" */ = {
			isa = XCConfigurationList;
			buildConfigurations = (
				D5FBA8682C09C77400DB4DF8 /* Debug */,
				D5FBA8692C09C77400DB4DF8 /* Release */,
			);
			defaultConfigurationIsVisible = 0;
			defaultConfigurationName = Release;
		};
		D5FBA86A2C09C77400DB4DF8 /* Build configuration list for PBXNativeTarget "SwiftUIAppTests" */ = {
			isa = XCConfigurationList;
			buildConfigurations = (
				D5FBA86B2C09C77400DB4DF8 /* Debug */,
				D5FBA86C2C09C77400DB4DF8 /* Release */,
			);
			defaultConfigurationIsVisible = 0;
			defaultConfigurationName = Release;
		};
		D5FBA86D2C09C77400DB4DF8 /* Build configuration list for PBXNativeTarget "SwiftUIAppUITests" */ = {
			isa = XCConfigurationList;
			buildConfigurations = (
				D5FBA86E2C09C77400DB4DF8 /* Debug */,
				D5FBA86F2C09C77400DB4DF8 /* Release */,
			);
			defaultConfigurationIsVisible = 0;
			defaultConfigurationName = Release;
		};
/* End XCConfigurationList section */
	};
	rootObject = D5FBA83B2C09C77200DB4DF8 /* Project object */;
}
